<?xml version="1.0" encoding="utf-8"?>
<Project ToolsVersion="4.0" xmlns="http://schemas.microsoft.com/developer/msbuild/2003">
  <ItemGroup>
    <Filter Include="json">
      <UniqueIdentifier>{3938345f-8144-43c1-8863-899c9f8cdfbe}</UniqueIdentifier>
    </Filter>
    <Filter Include="map">
      <UniqueIdentifier>{9a79579a-1486-4928-a1c5-8593cc37f186}</UniqueIdentifier>
    </Filter>
    <Filter Include="json\json-schema">
      <UniqueIdentifier>{2d9aa7c3-bfb8-4eec-b6fb-0084bb78a08d}</UniqueIdentifier>
    </Filter>
    <Filter Include="rule">
      <UniqueIdentifier>{e756ca74-1d30-4cf7-a5df-4a73f2ab6d0d}</UniqueIdentifier>
    </Filter>
  </ItemGroup>
  <ItemGroup>
    <ClInclude Include="$(MSBuildThisFileDirectory)errorcode.h" />
    <ClInclude Include="$(MSBuildThisFileDirectory)featurelibrary.h" />
    <ClInclude Include="$(MSBuildThisFileDirectory)firedog.h" />
    <ClInclude Include="$(MSBuildThisFileDirectory)config.h" />
    <ClInclude Include="$(MSBuildThisFileDirectory)matcher.h" />
    <ClInclude Include="$(MSBuildThisFileDirectory)map\avlmap.h">
      <Filter>map</Filter>
    </ClInclude>
    <ClInclude Include="$(MSBuildThisFileDirectory)stringutil.h" />
    <ClInclude Include="$(MSBuildThisFileDirectory)converter.h" />
    <ClInclude Include="$(MSBuildThisFileDirectory)json\json.hpp">
      <Filter>json</Filter>
    </ClInclude>
    <ClInclude Include="$(MSBuildThisFileDirectory)json\json-schema\json-patch.hpp">
      <Filter>json\json-schema</Filter>
    </ClInclude>
    <ClInclude Include="$(MSBuildThisFileDirectory)json\json-schema\json-schema.hpp">
      <Filter>json\json-schema</Filter>
    </ClInclude>
    <ClInclude Include="$(MSBuildThisFileDirectory)rule\rule.h">
      <Filter>rule</Filter>
    </ClInclude>
  </ItemGroup>
  <ItemGroup>
    <ClCompile Include="$(MSBuildThisFileDirectory)featurelibrary.cpp" />
    <ClCompile Include="$(MSBuildThisFileDirectory)firedog.cpp" />
    <ClCompile Include="$(MSBuildThisFileDirectory)matcher.cpp" />
    <ClCompile Include="$(MSBuildThisFileDirectory)converter.cpp" />
    <ClCompile Include="$(MSBuildThisFileDirectory)json\json-schema\json-patch.cpp">
      <Filter>json\json-schema</Filter>
    </ClCompile>
    <ClCompile Include="$(MSBuildThisFileDirectory)json\json-schema\json-schema-draft7.json.cpp">
      <Filter>json\json-schema</Filter>
    </ClCompile>
    <ClCompile Include="$(MSBuildThisFileDirectory)json\json-schema\json-uri.cpp">
      <Filter>json\json-schema</Filter>
    </ClCompile>
    <ClCompile Include="$(MSBuildThisFileDirectory)json\json-schema\json-validator.cpp">
      <Filter>json\json-schema</Filter>
    </ClCompile>
    <ClCompile Include="$(MSBuildThisFileDirectory)json\json-schema\string-format-check.cpp">
      <Filter>json\json-schema</Filter>
    </ClCompile>
    <ClCompile Include="$(MSBuildThisFileDirectory)rule\rule.cpp">
      <Filter>rule</Filter>
    </ClCompile>
  </ItemGroup>
</Project>