<?xml version="1.0" encoding="utf-8"?>
<Project ToolsVersion="4.0" xmlns="http://schemas.microsoft.com/developer/msbuild/2003">
  <ItemGroup>
    <Filter Include="json">
      <UniqueIdentifier>{3938345f-8144-43c1-8863-899c9f8cdfbe}</UniqueIdentifier>
    </Filter>
  </ItemGroup>
  <ItemGroup>
    <ClInclude Include="$(MSBuildThisFileDirectory)json\allocator.h">
      <Filter>json</Filter>
    </ClInclude>
    <ClInclude Include="$(MSBuildThisFileDirectory)json\assertions.h">
      <Filter>json</Filter>
    </ClInclude>
    <ClInclude Include="$(MSBuildThisFileDirectory)json\config.h">
      <Filter>json</Filter>
    </ClInclude>
    <ClInclude Include="$(MSBuildThisFileDirectory)json\forwards.h">
      <Filter>json</Filter>
    </ClInclude>
    <ClInclude Include="$(MSBuildThisFileDirectory)json\json.h">
      <Filter>json</Filter>
    </ClInclude>
    <ClInclude Include="$(MSBuildThisFileDirectory)json\json_features.h">
      <Filter>json</Filter>
    </ClInclude>
    <ClInclude Include="$(MSBuildThisFileDirectory)json\json_tool.h">
      <Filter>json</Filter>
    </ClInclude>
    <ClInclude Include="$(MSBuildThisFileDirectory)json\reader.h">
      <Filter>json</Filter>
    </ClInclude>
    <ClInclude Include="$(MSBuildThisFileDirectory)json\value.h">
      <Filter>json</Filter>
    </ClInclude>
    <ClInclude Include="$(MSBuildThisFileDirectory)json\version.h">
      <Filter>json</Filter>
    </ClInclude>
    <ClInclude Include="$(MSBuildThisFileDirectory)json\writer.h">
      <Filter>json</Filter>
    </ClInclude>
    <ClInclude Include="$(MSBuildThisFileDirectory)errorcode.h" />
    <ClInclude Include="$(MSBuildThisFileDirectory)featurelibrary.h" />
    <ClInclude Include="$(MSBuildThisFileDirectory)firedog.h" />
    <ClInclude Include="$(MSBuildThisFileDirectory)avlmap.h" />
  </ItemGroup>
  <ItemGroup>
    <ClCompile Include="$(MSBuildThisFileDirectory)json\json_reader.cpp">
      <Filter>json</Filter>
    </ClCompile>
    <ClCompile Include="$(MSBuildThisFileDirectory)json\json_value.cpp">
      <Filter>json</Filter>
    </ClCompile>
    <ClCompile Include="$(MSBuildThisFileDirectory)json\json_writer.cpp">
      <Filter>json</Filter>
    </ClCompile>
    <ClCompile Include="$(MSBuildThisFileDirectory)featurelibrary.cpp" />
  </ItemGroup>
  <ItemGroup>
    <None Include="$(MSBuildThisFileDirectory)json\json_valueiterator.inl">
      <Filter>json</Filter>
    </None>
  </ItemGroup>
</Project>